
Microsoft Visual Studio Solution File, Format Version 11.00
# Visual Studio 2010
Project("{FAE04EC0-301F-11D3-BF4B-00C04F79EFBC}") = "LaserPrinter", "BarcodePrinter\LaserPrinter.csproj", "{9E8E9410-A2D9-4373-9F12-DF03CC5B73FF}"
EndProject
Project("{2150E333-8FDC-42A3-9474-1A3956D46DE8}") = "NewFolder1", "NewFolder1", "{F2417986-F468-4A62-A0A2-DA80DCCE911B}"
EndProject
Project("{2150E333-8FDC-42A3-9474-1A3956D46DE8}") = "NewFolder1", "NewFolder1", "{A642CC57-5CF3-448D-93AB-4BBF8E696470}"
EndProject
Global
	GlobalSection(SolutionConfigurationPlatforms) = preSolution
		Debug|x86 = Debug|x86
		Release|x86 = Release|x86
	EndGlobalSection
	GlobalSection(ProjectConfigurationPlatforms) = postSolution
		{9E8E9410-A2D9-4373-9F12-DF03CC5B73FF}.Debug|x86.ActiveCfg = Debug|x86
		{9E8E9410-A2D9-4373-9F12-DF03CC5B73FF}.Debug|x86.Build.0 = Debug|x86
		{9E8E9410-A2D9-4373-9F12-DF03CC5B73FF}.Release|x86.ActiveCfg = Release|x86
		{9E8E9410-A2D9-4373-9F12-DF03CC5B73FF}.Release|x86.Build.0 = Release|x86
	EndGlobalSection
	GlobalSection(SolutionProperties) = preSolution
		HideSolutionNode = FALSE
	EndGlobalSection
	GlobalSection(NestedProjects) = preSolution
		{A642CC57-5CF3-448D-93AB-4BBF8E696470} = {F2417986-F468-4A62-A0A2-DA80DCCE911B}
	EndGlobalSection
EndGlobal
